
Microsoft Visual Studio Solution File, Format Version 12.00
# Visual Studio Version 16
VisualStudioVersion = 16.0.29001.49
MinimumVisualStudioVersion = 10.0.40219.1
Project("{FAE04EC0-301F-11D3-BF4B-00C04F79EFBC}") = "Day8", "Day8\Day8.csproj", "{A9541558-C778-4B38-BD50-1C0F5B7689E0}"
EndProject
Global
	GlobalSection(SolutionConfigurationPlatforms) = preSolution
		Debug|Any CPU = Debug|Any CPU
		Release|Any CPU = Release|Any CPU
	EndGlobalSection
	GlobalSection(ProjectConfigurationPlatforms) = postSolution
		{A9541558-C778-4B38-BD50-1C0F5B7689E0}.Debug|Any CPU.ActiveCfg = Debug|Any CPU
		{A9541558-C778-4B38-BD50-1C0F5B7689E0}.Debug|Any CPU.Build.0 = Debug|Any CPU
		{A9541558-C778-4B38-BD50-1C0F5B7689E0}.Release|Any CPU.ActiveCfg = Release|Any CPU
		{A9541558-C778-4B38-BD50-1C0F5B7689E0}.Release|Any CPU.Build.0 = Release|Any CPU
	EndGlobalSection
	GlobalSection(SolutionProperties) = preSolution
		HideSolutionNode = FALSE
	EndGlobalSection
	GlobalSection(ExtensibilityGlobals) = postSolution
		SolutionGuid = {B3A0CA74-36B8-421C-B96A-77D0B56A97B2}
	EndGlobalSection
EndGlobal
